# This file is automatically @generated by Poetry 1.8.5 and should not be changed by hand.

[[package]]
name = "black"
version = "24.10.0"
description = "The uncompromising code formatter."
optional = false
python-versions = ">=3.9"
files = [
    {file = "black-24.10.0-cp310-cp310-macosx_10_9_x86_64.whl", hash = "sha256:e6668650ea4b685440857138e5fe40cde4d652633b1bdffc62933d0db4ed9812"},
    {file = "black-24.10.0-cp310-cp310-macosx_11_0_arm64.whl", hash = "sha256:1c536fcf674217e87b8cc3657b81809d3c085d7bf3ef262ead700da345bfa6ea"},
    {file = "black-24.10.0-cp310-cp310-manylinux_2_17_x86_64.manylinux2014_x86_64.manylinux_2_28_x86_64.whl", hash = "sha256:649fff99a20bd06c6f727d2a27f401331dc0cc861fb69cde910fe95b01b5928f"},
    {file = "black-24.10.0-cp310-cp310-win_amd64.whl", hash = "sha256:fe4d6476887de70546212c99ac9bd803d90b42fc4767f058a0baa895013fbb3e"},
    {file = "black-24.10.0-cp311-cp311-macosx_10_9_x86_64.whl", hash = "sha256:5a2221696a8224e335c28816a9d331a6c2ae15a2ee34ec857dcf3e45dbfa99ad"},
    {file = "black-24.10.0-cp311-cp311-macosx_11_0_arm64.whl", hash = "sha256:f9da3333530dbcecc1be13e69c250ed8dfa67f43c4005fb537bb426e19200d50"},
    {file = "black-24.10.0-cp311-cp311-manylinux_2_17_x86_64.manylinux2014_x86_64.manylinux_2_28_x86_64.whl", hash = "sha256:4007b1393d902b48b36958a216c20c4482f601569d19ed1df294a496eb366392"},
    {file = "black-24.10.0-cp311-cp311-win_amd64.whl", hash = "sha256:394d4ddc64782e51153eadcaaca95144ac4c35e27ef9b0a42e121ae7e57a9175"},
    {file = "black-24.10.0-cp312-cp312-macosx_10_13_x86_64.whl", hash = "sha256:b5e39e0fae001df40f95bd8cc36b9165c5e2ea88900167bddf258bacef9bbdc3"},
    {file = "black-24.10.0-cp312-cp312-macosx_11_0_arm64.whl", hash = "sha256:d37d422772111794b26757c5b55a3eade028aa3fde43121ab7b673d050949d65"},
    {file = "black-24.10.0-cp312-cp312-manylinux_2_17_x86_64.manylinux2014_x86_64.manylinux_2_28_x86_64.whl", hash = "sha256:14b3502784f09ce2443830e3133dacf2c0110d45191ed470ecb04d0f5f6fcb0f"},
    {file = "black-24.10.0-cp312-cp312-win_amd64.whl", hash = "sha256:30d2c30dc5139211dda799758559d1b049f7f14c580c409d6ad925b74a4208a8"},
    {file = "black-24.10.0-cp313-cp313-macosx_10_13_x86_64.whl", hash = "sha256:1cbacacb19e922a1d75ef2b6ccaefcd6e93a2c05ede32f06a21386a04cedb981"},
    {file = "black-24.10.0-cp313-cp313-macosx_11_0_arm64.whl", hash = "sha256:1f93102e0c5bb3907451063e08b9876dbeac810e7da5a8bfb7aeb5a9ef89066b"},
    {file = "black-24.10.0-cp313-cp313-manylinux_2_17_x86_64.manylinux2014_x86_64.manylinux_2_28_x86_64.whl", hash = "sha256:ddacb691cdcdf77b96f549cf9591701d8db36b2f19519373d60d31746068dbf2"},
    {file = "black-24.10.0-cp313-cp313-win_amd64.whl", hash = "sha256:680359d932801c76d2e9c9068d05c6b107f2584b2a5b88831c83962eb9984c1b"},
    {file = "black-24.10.0-cp39-cp39-macosx_10_9_x86_64.whl", hash = "sha256:17374989640fbca88b6a448129cd1745c5eb8d9547b464f281b251dd00155ccd"},
    {file = "black-24.10.0-cp39-cp39-macosx_11_0_arm64.whl", hash = "sha256:63f626344343083322233f175aaf372d326de8436f5928c042639a4afbbf1d3f"},
    {file = "black-24.10.0-cp39-cp39-manylinux_2_17_x86_64.manylinux2014_x86_64.manylinux_2_28_x86_64.whl", hash = "sha256:ccfa1d0cb6200857f1923b602f978386a3a2758a65b52e0950299ea014be6800"},
    {file = "black-24.10.0-cp39-cp39-win_amd64.whl", hash = "sha256:2cd9c95431d94adc56600710f8813ee27eea544dd118d45896bb734e9d7a0dc7"},
    {file = "black-24.10.0-py3-none-any.whl", hash = "sha256:3bb2b7a1f7b685f85b11fed1ef10f8a9148bceb49853e47a294a3dd963c1dd7d"},
    {file = "black-24.10.0.tar.gz", hash = "sha256:846ea64c97afe3bc677b761787993be4991810ecc7a4a937816dd6bddedc4875"},
]

[package.dependencies]
click = ">=8.0.0"
mypy-extensions = ">=0.4.3"
packaging = ">=22.0"
pathspec = ">=0.9.0"
platformdirs = ">=2"

[package.extras]
colorama = ["colorama (>=0.4.3)"]
d = ["aiohttp (>=3.10)"]
jupyter = ["ipython (>=7.8.0)", "tokenize-rt (>=3.2.0)"]
uvloop = ["uvloop (>=0.15.2)"]

[[package]]
name = "click"
version = "8.1.8"
description = "Composable command line interface toolkit"
optional = false
python-versions = ">=3.7"
files = [
    {file = "click-8.1.8-py3-none-any.whl", hash = "sha256:63c132bbbed01578a06712a2d1f497bb62d9c1c0d329b7903a866228027263b2"},
    {file = "click-8.1.8.tar.gz", hash = "sha256:ed53c9d8990d83c2a27deae68e4ee337473f6330c040a31d4225c9574d16096a"},
]

[package.dependencies]
colorama = {version = "*", markers = "platform_system == \"Windows\""}

[[package]]
name = "colorama"
version = "0.4.6"
description = "Cross-platform colored terminal text."
optional = false
python-versions = "!=3.0.*,!=3.1.*,!=3.2.*,!=3.3.*,!=3.4.*,!=3.5.*,!=3.6.*,>=2.7"
files = [
    {file = "colorama-0.4.6-py2.py3-none-any.whl", hash = "sha256:4f1d9991f5acc0ca119f9d443620b77f9d6b33703e51011c16baf57afb285fc6"},
    {file = "colorama-0.4.6.tar.gz", hash = "sha256:08695f5cb7ed6e0531a20572697297273c47b8cae5a63ffc6d6ed5c201be6e44"},
]

[[package]]
name = "coverage"
version = "7.6.10"
description = "Code coverage measurement for Python"
optional = false
python-versions = ">=3.9"
files = [
    {file = "coverage-7.6.10-cp310-cp310-macosx_10_9_x86_64.whl", hash = "sha256:5c912978f7fbf47ef99cec50c4401340436d200d41d714c7a4766f377c5b7b78"},
    {file = "coverage-7.6.10-cp310-cp310-macosx_11_0_arm64.whl", hash = "sha256:a01ec4af7dfeb96ff0078ad9a48810bb0cc8abcb0115180c6013a6b26237626c"},
    {file = "coverage-7.6.10-cp310-cp310-manylinux_2_17_aarch64.manylinux2014_aarch64.whl", hash = "sha256:a3b204c11e2b2d883946fe1d97f89403aa1811df28ce0447439178cc7463448a"},
    {file = "coverage-7.6.10-cp310-cp310-manylinux_2_5_i686.manylinux1_i686.manylinux_2_17_i686.manylinux2014_i686.whl", hash = "sha256:32ee6d8491fcfc82652a37109f69dee9a830e9379166cb73c16d8dc5c2915165"},
    {file = "coverage-7.6.10-cp310-cp310-manylinux_2_5_x86_64.manylinux1_x86_64.manylinux_2_17_x86_64.manylinux2014_x86_64.whl", hash = "sha256:675cefc4c06e3b4c876b85bfb7c59c5e2218167bbd4da5075cbe3b5790a28988"},
    {file = "coverage-7.6.10-cp310-cp310-musllinux_1_2_aarch64.whl", hash = "sha256:f4f620668dbc6f5e909a0946a877310fb3d57aea8198bde792aae369ee1c23b5"},
    {file = "coverage-7.6.10-cp310-cp310-musllinux_1_2_i686.whl", hash = "sha256:4eea95ef275de7abaef630c9b2c002ffbc01918b726a39f5a4353916ec72d2f3"},
    {file = "coverage-7.6.10-cp310-cp310-musllinux_1_2_x86_64.whl", hash = "sha256:e2f0280519e42b0a17550072861e0bc8a80a0870de260f9796157d3fca2733c5"},
    {file = "coverage-7.6.10-cp310-cp310-win32.whl", hash = "sha256:bc67deb76bc3717f22e765ab3e07ee9c7a5e26b9019ca19a3b063d9f4b874244"},
    {file = "coverage-7.6.10-cp310-cp310-win_amd64.whl", hash = "sha256:0f460286cb94036455e703c66988851d970fdfd8acc2a1122ab7f4f904e4029e"},
    {file = "coverage-7.6.10-cp311-cp311-macosx_10_9_x86_64.whl", hash = "sha256:ea3c8f04b3e4af80e17bab607c386a830ffc2fb88a5484e1df756478cf70d1d3"},
    {file = "coverage-7.6.10-cp311-cp311-macosx_11_0_arm64.whl", hash = "sha256:507a20fc863cae1d5720797761b42d2d87a04b3e5aeb682ef3b7332e90598f43"},
    {file = "coverage-7.6.10-cp311-cp311-manylinux_2_17_aarch64.manylinux2014_aarch64.whl", hash = "sha256:d37a84878285b903c0fe21ac8794c6dab58150e9359f1aaebbeddd6412d53132"},
    {file = "coverage-7.6.10-cp311-cp311-manylinux_2_5_i686.manylinux1_i686.manylinux_2_17_i686.manylinux2014_i686.whl", hash = "sha256:a534738b47b0de1995f85f582d983d94031dffb48ab86c95bdf88dc62212142f"},
    {file = "coverage-7.6.10-cp311-cp311-manylinux_2_5_x86_64.manylinux1_x86_64.manylinux_2_17_x86_64.manylinux2014_x86_64.whl", hash = "sha256:0d7a2bf79378d8fb8afaa994f91bfd8215134f8631d27eba3e0e2c13546ce994"},
    {file = "coverage-7.6.10-cp311-cp311-musllinux_1_2_aarch64.whl", hash = "sha256:6713ba4b4ebc330f3def51df1d5d38fad60b66720948112f114968feb52d3f99"},
    {file = "coverage-7.6.10-cp311-cp311-musllinux_1_2_i686.whl", hash = "sha256:ab32947f481f7e8c763fa2c92fd9f44eeb143e7610c4ca9ecd6a36adab4081bd"},
    {file = "coverage-7.6.10-cp311-cp311-musllinux_1_2_x86_64.whl", hash = "sha256:7bbd8c8f1b115b892e34ba66a097b915d3871db7ce0e6b9901f462ff3a975377"},
    {file = "coverage-7.6.10-cp311-cp311-win32.whl", hash = "sha256:299e91b274c5c9cdb64cbdf1b3e4a8fe538a7a86acdd08fae52301b28ba297f8"},
    {file = "coverage-7.6.10-cp311-cp311-win_amd64.whl", hash = "sha256:489a01f94aa581dbd961f306e37d75d4ba16104bbfa2b0edb21d29b73be83609"},
    {file = "coverage-7.6.10-cp312-cp312-macosx_10_13_x86_64.whl", hash = "sha256:27c6e64726b307782fa5cbe531e7647aee385a29b2107cd87ba7c0105a5d3853"},
    {file = "coverage-7.6.10-cp312-cp312-macosx_11_0_arm64.whl", hash = "sha256:c56e097019e72c373bae32d946ecf9858fda841e48d82df7e81c63ac25554078"},
    {file = "coverage-7.6.10-cp312-cp312-manylinux_2_17_aarch64.manylinux2014_aarch64.whl", hash = "sha256:c7827a5bc7bdb197b9e066cdf650b2887597ad124dd99777332776f7b7c7d0d0"},
    {file = "coverage-7.6.10-cp312-cp312-manylinux_2_5_i686.manylinux1_i686.manylinux_2_17_i686.manylinux2014_i686.whl", hash = "sha256:204a8238afe787323a8b47d8be4df89772d5c1e4651b9ffa808552bdf20e1d50"},
    {file = "coverage-7.6.10-cp312-cp312-manylinux_2_5_x86_64.manylinux1_x86_64.manylinux_2_17_x86_64.manylinux2014_x86_64.whl", hash = "sha256:e67926f51821b8e9deb6426ff3164870976fe414d033ad90ea75e7ed0c2e5022"},
    {file = "coverage-7.6.10-cp312-cp312-musllinux_1_2_aarch64.whl", hash = "sha256:e78b270eadb5702938c3dbe9367f878249b5ef9a2fcc5360ac7bff694310d17b"},
    {file = "coverage-7.6.10-cp312-cp312-musllinux_1_2_i686.whl", hash = "sha256:714f942b9c15c3a7a5fe6876ce30af831c2ad4ce902410b7466b662358c852c0"},
    {file = "coverage-7.6.10-cp312-cp312-musllinux_1_2_x86_64.whl", hash = "sha256:abb02e2f5a3187b2ac4cd46b8ced85a0858230b577ccb2c62c81482ca7d18852"},
    {file = "coverage-7.6.10-cp312-cp312-win32.whl", hash = "sha256:55b201b97286cf61f5e76063f9e2a1d8d2972fc2fcfd2c1272530172fd28c359"},
    {file = "coverage-7.6.10-cp312-cp312-win_amd64.whl", hash = "sha256:e4ae5ac5e0d1e4edfc9b4b57b4cbecd5bc266a6915c500f358817a8496739247"},
    {file = "coverage-7.6.10-cp313-cp313-macosx_10_13_x86_64.whl", hash = "sha256:05fca8ba6a87aabdd2d30d0b6c838b50510b56cdcfc604d40760dae7153b73d9"},
    {file = "coverage-7.6.10-cp313-cp313-macosx_11_0_arm64.whl", hash = "sha256:9e80eba8801c386f72e0712a0453431259c45c3249f0009aff537a517b52942b"},
    {file = "coverage-7.6.10-cp313-cp313-manylinux_2_17_aarch64.manylinux2014_aarch64.whl", hash = "sha256:a372c89c939d57abe09e08c0578c1d212e7a678135d53aa16eec4430adc5e690"},
    {file = "coverage-7.6.10-cp313-cp313-manylinux_2_5_i686.manylinux1_i686.manylinux_2_17_i686.manylinux2014_i686.whl", hash = "sha256:ec22b5e7fe7a0fa8509181c4aac1db48f3dd4d3a566131b313d1efc102892c18"},
    {file = "coverage-7.6.10-cp313-cp313-manylinux_2_5_x86_64.manylinux1_x86_64.manylinux_2_17_x86_64.manylinux2014_x86_64.whl", hash = "sha256:26bcf5c4df41cad1b19c84af71c22cbc9ea9a547fc973f1f2cc9a290002c8b3c"},
    {file = "coverage-7.6.10-cp313-cp313-musllinux_1_2_aarch64.whl", hash = "sha256:4e4630c26b6084c9b3cb53b15bd488f30ceb50b73c35c5ad7871b869cb7365fd"},
    {file = "coverage-7.6.10-cp313-cp313-musllinux_1_2_i686.whl", hash = "sha256:2396e8116db77789f819d2bc8a7e200232b7a282c66e0ae2d2cd84581a89757e"},
    {file = "coverage-7.6.10-cp313-cp313-musllinux_1_2_x86_64.whl", hash = "sha256:79109c70cc0882e4d2d002fe69a24aa504dec0cc17169b3c7f41a1d341a73694"},
    {file = "coverage-7.6.10-cp313-cp313-win32.whl", hash = "sha256:9e1747bab246d6ff2c4f28b4d186b205adced9f7bd9dc362051cc37c4a0c7bd6"},
    {file = "coverage-7.6.10-cp313-cp313-win_amd64.whl", hash = "sha256:254f1a3b1eef5f7ed23ef265eaa89c65c8c5b6b257327c149db1ca9d4a35f25e"},
    {file = "coverage-7.6.10-cp313-cp313t-macosx_10_13_x86_64.whl", hash = "sha256:2ccf240eb719789cedbb9fd1338055de2761088202a9a0b73032857e53f612fe"},
    {file = "coverage-7.6.10-cp313-cp313t-macosx_11_0_arm64.whl", hash = "sha256:0c807ca74d5a5e64427c8805de15b9ca140bba13572d6d74e262f46f50b13273"},
    {file = "coverage-7.6.10-cp313-cp313t-manylinux_2_17_aarch64.manylinux2014_aarch64.whl", hash = "sha256:2bcfa46d7709b5a7ffe089075799b902020b62e7ee56ebaed2f4bdac04c508d8"},
    {file = "coverage-7.6.10-cp313-cp313t-manylinux_2_5_i686.manylinux1_i686.manylinux_2_17_i686.manylinux2014_i686.whl", hash = "sha256:4e0de1e902669dccbf80b0415fb6b43d27edca2fbd48c74da378923b05316098"},
    {file = "coverage-7.6.10-cp313-cp313t-manylinux_2_5_x86_64.manylinux1_x86_64.manylinux_2_17_x86_64.manylinux2014_x86_64.whl", hash = "sha256:3f7b444c42bbc533aaae6b5a2166fd1a797cdb5eb58ee51a92bee1eb94a1e1cb"},
    {file = "coverage-7.6.10-cp313-cp313t-musllinux_1_2_aarch64.whl", hash = "sha256:b330368cb99ef72fcd2dc3ed260adf67b31499584dc8a20225e85bfe6f6cfed0"},
    {file = "coverage-7.6.10-cp313-cp313t-musllinux_1_2_i686.whl", hash = "sha256:9a7cfb50515f87f7ed30bc882f68812fd98bc2852957df69f3003d22a2aa0abf"},
    {file = "coverage-7.6.10-cp313-cp313t-musllinux_1_2_x86_64.whl", hash = "sha256:6f93531882a5f68c28090f901b1d135de61b56331bba82028489bc51bdd818d2"},
    {file = "coverage-7.6.10-cp313-cp313t-win32.whl", hash = "sha256:89d76815a26197c858f53c7f6a656686ec392b25991f9e409bcef020cd532312"},
    {file = "coverage-7.6.10-cp313-cp313t-win_amd64.whl", hash = "sha256:54a5f0f43950a36312155dae55c505a76cd7f2b12d26abeebbe7a0b36dbc868d"},
    {file = "coverage-7.6.10-cp39-cp39-macosx_10_9_x86_64.whl", hash = "sha256:656c82b8a0ead8bba147de9a89bda95064874c91a3ed43a00e687f23cc19d53a"},
    {file = "coverage-7.6.10-cp39-cp39-macosx_11_0_arm64.whl", hash = "sha256:ccc2b70a7ed475c68ceb548bf69cec1e27305c1c2606a5eb7c3afff56a1b3b27"},
    {file = "coverage-7.6.10-cp39-cp39-manylinux_2_17_aarch64.manylinux2014_aarch64.whl", hash = "sha256:a5e37dc41d57ceba70956fa2fc5b63c26dba863c946ace9705f8eca99daecdc4"},
    {file = "coverage-7.6.10-cp39-cp39-manylinux_2_5_i686.manylinux1_i686.manylinux_2_17_i686.manylinux2014_i686.whl", hash = "sha256:0aa9692b4fdd83a4647eeb7db46410ea1322b5ed94cd1715ef09d1d5922ba87f"},
    {file = "coverage-7.6.10-cp39-cp39-manylinux_2_5_x86_64.manylinux1_x86_64.manylinux_2_17_x86_64.manylinux2014_x86_64.whl", hash = "sha256:aa744da1820678b475e4ba3dfd994c321c5b13381d1041fe9c608620e6676e25"},
    {file = "coverage-7.6.10-cp39-cp39-musllinux_1_2_aarch64.whl", hash = "sha256:c0b1818063dc9e9d838c09e3a473c1422f517889436dd980f5d721899e66f315"},
    {file = "coverage-7.6.10-cp39-cp39-musllinux_1_2_i686.whl", hash = "sha256:59af35558ba08b758aec4d56182b222976330ef8d2feacbb93964f576a7e7a90"},
    {file = "coverage-7.6.10-cp39-cp39-musllinux_1_2_x86_64.whl", hash = "sha256:7ed2f37cfce1ce101e6dffdfd1c99e729dd2ffc291d02d3e2d0af8b53d13840d"},
    {file = "coverage-7.6.10-cp39-cp39-win32.whl", hash = "sha256:4bcc276261505d82f0ad426870c3b12cb177752834a633e737ec5ee79bbdff18"},
    {file = "coverage-7.6.10-cp39-cp39-win_amd64.whl", hash = "sha256:457574f4599d2b00f7f637a0700a6422243b3565509457b2dbd3f50703e11f59"},
    {file = "coverage-7.6.10-pp39.pp310-none-any.whl", hash = "sha256:fd34e7b3405f0cc7ab03d54a334c17a9e802897580d964bd8c2001f4b9fd488f"},
    {file = "coverage-7.6.10.tar.gz", hash = "sha256:7fb105327c8f8f0682e29843e2ff96af9dcbe5bab8eeb4b398c6a33a16d80a23"},
]

[package.extras]
toml = ["tomli"]

[[package]]
name = "ephem"
version = "4.1.6"
description = "Compute positions of the planets and stars"
optional = false
python-versions = "*"
files = [
    {file = "ephem-4.1.6-cp27-cp27m-macosx_10_9_x86_64.whl", hash = "sha256:2dc74f0f38d120b720ce9fe431331620b2cadc42214be6aca08ec030ad19e08d"},
    {file = "ephem-4.1.6-cp27-cp27m-manylinux2010_i686.whl", hash = "sha256:6b700da408c5ae44e948d01357869134cd2215d6b26dfc32bb94dae1c76b7b09"},
    {file = "ephem-4.1.6-cp27-cp27m-manylinux2010_x86_64.whl", hash = "sha256:da69564e29edb4e915858c91aae0e4e494bbd5c610b11a784ee9dfe6643a899d"},
    {file = "ephem-4.1.6-cp27-cp27mu-manylinux2010_i686.whl", hash = "sha256:9cc474fba155ffad36db1fd8ee46756c9ce7a4301ae3b6e212e92c0036ccbaff"},
    {file = "ephem-4.1.6-cp27-cp27mu-manylinux2010_x86_64.whl", hash = "sha256:d76cd4f75731810b6694ee2d9a8150aaf20cc6d695e886475cc857c079c43d24"},
    {file = "ephem-4.1.6-cp310-cp310-macosx_10_9_x86_64.whl", hash = "sha256:682820bf6e5c914c051193f9a3cb35a3f4432e613062d860e9bb43c23adc43f4"},
    {file = "ephem-4.1.6-cp310-cp310-macosx_11_0_arm64.whl", hash = "sha256:2cfff027fdd2311a03a6001c5fead25eb4bfe99af1139a999c2c42ee036bdd19"},
    {file = "ephem-4.1.6-cp310-cp310-manylinux_2_12_i686.manylinux2010_i686.manylinux_2_17_i686.manylinux2014_i686.whl", hash = "sha256:4dbe2740c2d2e1b3a3db69d498681c14fbe2c19690a881209b3b93e489e0df50"},
    {file = "ephem-4.1.6-cp310-cp310-manylinux_2_17_aarch64.manylinux2014_aarch64.whl", hash = "sha256:0ee73ce7d513aece25a0902160dea43ea4af451326d27149a059b00b5ceea3ac"},
    {file = "ephem-4.1.6-cp310-cp310-manylinux_2_17_s390x.manylinux2014_s390x.whl", hash = "sha256:101568d96f77142484227881e20b4ca5d32a92c3edee7a91e529e93bc928addc"},
    {file = "ephem-4.1.6-cp310-cp310-manylinux_2_17_x86_64.manylinux2014_x86_64.whl", hash = "sha256:b7143892cf73871182baac3121fc297680e0fbfd556689d23878c0cbcd7124f5"},
    {file = "ephem-4.1.6-cp310-cp310-musllinux_1_2_aarch64.whl", hash = "sha256:7f3abc0d806244ea96b4bc89ed8bbb655fcc141c48ada4ec1f93091dd2213f44"},
    {file = "ephem-4.1.6-cp310-cp310-musllinux_1_2_i686.whl", hash = "sha256:f4a9a0349acd3e0feaf8fe2e5aab4fcf3a0d0ca1bfa8e7c0e3ae015e25e0cdee"},
    {file = "ephem-4.1.6-cp310-cp310-musllinux_1_2_s390x.whl", hash = "sha256:8a1b4fdc34869fd5b8d212ad69b73ddaa8a4a907bfe43f7c307d9b2e8b4c2b5c"},
    {file = "ephem-4.1.6-cp310-cp310-musllinux_1_2_x86_64.whl", hash = "sha256:fec931d545be646eab0c7d56c1bd3c71fd9b6b2a34d368457ce6c8f58e7eaba0"},
    {file = "ephem-4.1.6-cp310-cp310-win32.whl", hash = "sha256:8d357fde411b121d246b6345d21ccb66104b43a9e9b04aa3ba5712256d0e4221"},
    {file = "ephem-4.1.6-cp310-cp310-win_amd64.whl", hash = "sha256:0fc685c29beec97b800d68171f6bbc6c84f5e0c3d63ec5a68c5d173effe4eca7"},
    {file = "ephem-4.1.6-cp311-cp311-macosx_10_9_x86_64.whl", hash = "sha256:217d510cf95f1b5f70e95ed379ba12b56321689a7a8802b42f2cdb4b90f8e52b"},
    {file = "ephem-4.1.6-cp311-cp311-macosx_11_0_arm64.whl", hash = "sha256:224c67fc5d53a217f7af5b8ded1a91f22d83e4d26f8986553d2cafbe0608e9d8"},
    {file = "ephem-4.1.6-cp311-cp311-manylinux_2_12_i686.manylinux2010_i686.manylinux_2_17_i686.manylinux2014_i686.whl", hash = "sha256:e02af942f9b93f5be1d8943d65e8ded26871e4a294281c54c84f89e04ff77277"},
    {file = "ephem-4.1.6-cp311-cp311-manylinux_2_17_aarch64.manylinux2014_aarch64.whl", hash = "sha256:fb42efcd08c721ecf338b39e6a1ee8734575928bb570e5ad24b5da00b293751a"},
    {file = "ephem-4.1.6-cp311-cp311-manylinux_2_17_s390x.manylinux2014_s390x.whl", hash = "sha256:01f6ae74ce6b4d4abe2c632e6925ccb0a718e8285707f70493d4ac2c14bbb755"},
    {file = "ephem-4.1.6-cp311-cp311-manylinux_2_17_x86_64.manylinux2014_x86_64.whl", hash = "sha256:97be1fbf6161d45f003cfd1260fc8185feedcb6f54fe01abb0ae2b625e4f0d92"},
    {file = "ephem-4.1.6-cp311-cp311-musllinux_1_2_aarch64.whl", hash = "sha256:19f78dba9ef13c6f8973efdf111fea2cfc92ef8af3e56a17be63f9752d2d2480"},
    {file = "ephem-4.1.6-cp311-cp311-musllinux_1_2_i686.whl", hash = "sha256:87ffdb3e4a2aea6c33d60b9d3fa2bdb985494a788fc45eb10fb376cace6f5fa5"},
    {file = "ephem-4.1.6-cp311-cp311-musllinux_1_2_s390x.whl", hash = "sha256:70cc4c09658a97447cdab070144a661c60e98794fef16e0bb9e7c4a072d260c0"},
    {file = "ephem-4.1.6-cp311-cp311-musllinux_1_2_x86_64.whl", hash = "sha256:6ffa438a5fae5cf346aaee46d20e44a442e004952591d06a06a3104504954a7b"},
    {file = "ephem-4.1.6-cp311-cp311-win32.whl", hash = "sha256:84d416962d78f5d0b5f18fc5155bf0d7a012f5e9e47b62469000ab4c062de6ca"},
    {file = "ephem-4.1.6-cp311-cp311-win_amd64.whl", hash = "sha256:1f87cb92288d8ec3e83c1ffae2ca0473a84ab696f5bf518d75622be0394e245d"},
    {file = "ephem-4.1.6-cp312-cp312-macosx_10_13_x86_64.whl", hash = "sha256:320e825021e589b2a53bac03f057d1344814dc9cc5249bfeacfd8fe322f17032"},
    {file = "ephem-4.1.6-cp312-cp312-macosx_11_0_arm64.whl", hash = "sha256:78778ba7ca5a28e3532943eab4584986bc053878e5976e50394e6cb5490e3b3f"},
    {file = "ephem-4.1.6-cp312-cp312-manylinux_2_12_i686.manylinux2010_i686.manylinux_2_17_i686.manylinux2014_i686.whl", hash = "sha256:bb6b45ae88ddb82219bc06a40b4db8584ab78306ebf239918dde1aa4b97f913c"},
    {file = "ephem-4.1.6-cp312-cp312-manylinux_2_17_aarch64.manylinux2014_aarch64.whl", hash = "sha256:179f59cbc37c27b35cbea4833d4993b00080ca10753c5b2dca2e838826f854a2"},
    {file = "ephem-4.1.6-cp312-cp312-manylinux_2_17_s390x.manylinux2014_s390x.whl", hash = "sha256:4c65dcd6b44572e4f20b02055f69a95b6c591c559dc6a70fca5215fd8ab290f1"},
    {file = "ephem-4.1.6-cp312-cp312-manylinux_2_17_x86_64.manylinux2014_x86_64.whl", hash = "sha256:10b9688bf56b65fd416ebd95a90c63c8d2412b64495e75139a85e6c216cc5a90"},
    {file = "ephem-4.1.6-cp312-cp312-musllinux_1_2_aarch64.whl", hash = "sha256:440e45209fb26315fa6d8b179dae1968dd446de4e8a8612ad88111694cd8df1b"},
    {file = "ephem-4.1.6-cp312-cp312-musllinux_1_2_i686.whl", hash = "sha256:126d6c407793830552c7dcf62f6dccc0c3ef701c4505970a8ab01ecfd70b1a1a"},
    {file = "ephem-4.1.6-cp312-cp312-musllinux_1_2_s390x.whl", hash = "sha256:bc137b3e9060a77b03e8a4b5ad3d40406599bdddcd7dfb2cd9325971d38b7864"},
    {file = "ephem-4.1.6-cp312-cp312-musllinux_1_2_x86_64.whl", hash = "sha256:25203e20b773ae804333e347da3c286291c6fc95a723a44c1af149cb64938128"},
    {file = "ephem-4.1.6-cp312-cp312-win32.whl", hash = "sha256:1c845b804ce65f875097a543c2b74f8889e5b5414df01f18ba77c085d524d4c6"},
    {file = "ephem-4.1.6-cp312-cp312-win_amd64.whl", hash = "sha256:0c0675849f2bc9fca88193c58b376180e9fb7b1d8f2bb764231cbf1ecd40b6b3"},
    {file = "ephem-4.1.6-cp313-cp313-macosx_10_13_x86_64.whl", hash = "sha256:6b17cc3a5af526c199b497cc7b9942246591b83da4247d83be6bf0baa90123e5"},
    {file = "ephem-4.1.6-cp313-cp313-macosx_11_0_arm64.whl", hash = "sha256:513c2b2cc04d53563c6c1b0a86ee9f92d2e5e20a0dd72323f3b4183ae4f9d63c"},
    {file = "ephem-4.1.6-cp313-cp313-manylinux_2_12_i686.manylinux2010_i686.manylinux_2_17_i686.manylinux2014_i686.whl", hash = "sha256:1348bfd7703084c75a932c10c66e3194b84cf7f31fe6e2afede1367877b601b7"},
    {file = "ephem-4.1.6-cp313-cp313-manylinux_2_17_aarch64.manylinux2014_aarch64.whl", hash = "sha256:9bf720a1fd563f476525c714ac4091b6788ad415ffb4727b77d1fbb6b28a831e"},
    {file = "ephem-4.1.6-cp313-cp313-manylinux_2_17_s390x.manylinux2014_s390x.whl", hash = "sha256:4456d08414729fa8461c6772f5e9ca9b577df86f47dacdaf5fda4f9eab0efd56"},
    {file = "ephem-4.1.6-cp313-cp313-manylinux_2_17_x86_64.manylinux2014_x86_64.whl", hash = "sha256:f87348581588488461af29fe645d36257cf9235838f5a5211cb668215b95b2db"},
    {file = "ephem-4.1.6-cp313-cp313-musllinux_1_2_aarch64.whl", hash = "sha256:b8c807a54814cd3c8d3e00304afdc99d290f754f53c708a656b92490d870bfd4"},
    {file = "ephem-4.1.6-cp313-cp313-musllinux_1_2_i686.whl", hash = "sha256:abccd1a7a8ccfea94746a150f5b9f4dd50aa9db0a24ae4e875ecee2215001290"},
    {file = "ephem-4.1.6-cp313-cp313-musllinux_1_2_s390x.whl", hash = "sha256:84c86bc1a171ddc9bd886fe3f5030638bffe1c808b89e0c7a6aec9aae335a69e"},
    {file = "ephem-4.1.6-cp313-cp313-musllinux_1_2_x86_64.whl", hash = "sha256:9b5552e33b5f63886c74c2731ab15b5f514db1978d80872d7f3230d1903416f0"},
    {file = "ephem-4.1.6-cp313-cp313-win32.whl", hash = "sha256:636b455486de2262bbd786c53e810db775ab1ebf1ad78f3aae436429a52d1044"},
    {file = "ephem-4.1.6-cp313-cp313-win_amd64.whl", hash = "sha256:2f96d0ae098d300ebbd0cb7c49fc92bc4629c80c08a3fe5c19cb55cafb89eff4"},
    {file = "ephem-4.1.6-cp36-cp36m-macosx_10_9_x86_64.whl", hash = "sha256:2507eee5dce3f8bee4d9818e37d5e8480c5149b9222d333fe1cef6c231b1f892"},
    {file = "ephem-4.1.6-cp36-cp36m-manylinux_2_12_i686.manylinux2010_i686.manylinux_2_17_i686.manylinux2014_i686.whl", hash = "sha256:68afdd7f452d23147b2c2d4faf1898bb1a7c20bb9db3ee87cbed15e5b9e072bd"},
    {file = "ephem-4.1.6-cp36-cp36m-manylinux_2_17_aarch64.manylinux2014_aarch64.whl", hash = "sha256:ae3ba0f6f571895f94833f51071666124ec0fecdb131d70c1a17cac1459063e3"},
    {file = "ephem-4.1.6-cp36-cp36m-manylinux_2_17_s390x.manylinux2014_s390x.whl", hash = "sha256:9417f2e39724ce064d4d9de77ae912e65d5be59302ad9a6c8fafc1afe41c5709"},
    {file = "ephem-4.1.6-cp36-cp36m-manylinux_2_17_x86_64.manylinux2014_x86_64.whl", hash = "sha256:48a312e28b36e7fb28ffdfcbd377fcb4f6f3ff35cf277ddcb8fc01e2a6f62ead"},
    {file = "ephem-4.1.6-cp36-cp36m-musllinux_1_2_aarch64.whl", hash = "sha256:a66d5732102b78eee0554aea948d794780c01a65376acc14e392cb8c40c3d420"},
    {file = "ephem-4.1.6-cp36-cp36m-musllinux_1_2_i686.whl", hash = "sha256:2242623e532214c4602c96966ff6a3b5a60aac6bb51297c6f2026b1083d1af4b"},
    {file = "ephem-4.1.6-cp36-cp36m-musllinux_1_2_s390x.whl", hash = "sha256:35e15b04a61d4aee47797f657e7253b8474158d0c6777361f920abc7eeb99653"},
    {file = "ephem-4.1.6-cp36-cp36m-musllinux_1_2_x86_64.whl", hash = "sha256:acef70a17a1ffa4a844374984a6f6b900b274dcf80b40bef6cc2520f4e4a44a3"},
    {file = "ephem-4.1.6-cp36-cp36m-win32.whl", hash = "sha256:f3d8942f57417519058bd41e8880af05656506a57f1b9f18861e1123ec476099"},
    {file = "ephem-4.1.6-cp36-cp36m-win_amd64.whl", hash = "sha256:8026d9d6804534a09c697b3e490a67e92c7a37d409405429b5f5fbc12c00c18a"},
    {file = "ephem-4.1.6-cp37-cp37m-macosx_10_9_x86_64.whl", hash = "sha256:afcf7e10918159b86ecc9fd28a9014de27945138639bed795980a2941fe0d7a5"},
    {file = "ephem-4.1.6-cp37-cp37m-manylinux_2_12_i686.manylinux2010_i686.manylinux_2_17_i686.manylinux2014_i686.whl", hash = "sha256:6df9c8e84644792e9f46e7a5c61cbd84b8729de023819862047449e5da65eaac"},
    {file = "ephem-4.1.6-cp37-cp37m-manylinux_2_17_aarch64.manylinux2014_aarch64.whl", hash = "sha256:cf7ca69b707457958fd2a36e0a221ef1a4cb271798f1d9e13d327211aba2e505"},
    {file = "ephem-4.1.6-cp37-cp37m-manylinux_2_17_s390x.manylinux2014_s390x.whl", hash = "sha256:93bbabb27ff682a070955c92b6ffd3493f4d16918b8d222f78207f37b60ef8ab"},
    {file = "ephem-4.1.6-cp37-cp37m-manylinux_2_17_x86_64.manylinux2014_x86_64.whl", hash = "sha256:ca77119b8acdabb154f1ff9c3534025e1a4d2ba701ee8dc83c3d548d29ea1798"},
    {file = "ephem-4.1.6-cp37-cp37m-musllinux_1_2_aarch64.whl", hash = "sha256:c5523b5cea3fbef88c9c892a0941727a335b7776a35a55e8a58f5d1141540591"},
    {file = "ephem-4.1.6-cp37-cp37m-musllinux_1_2_i686.whl", hash = "sha256:e6ba444ab763f98e53932be5f5396269acb3c94989ff511a355a9072e38d853a"},
    {file = "ephem-4.1.6-cp37-cp37m-musllinux_1_2_s390x.whl", hash = "sha256:52213cd9712ef597e1815059b92ae2d2474b0dec6dfc51e748d3ae5adbc6596b"},
    {file = "ephem-4.1.6-cp37-cp37m-musllinux_1_2_x86_64.whl", hash = "sha256:167f9b204640773f28ed304b2917690e08646254378be8b798b4bd4636f482a3"},
    {file = "ephem-4.1.6-cp37-cp37m-win32.whl", hash = "sha256:c250f4ecd41ba8c358425f886da63e1760e7209b67b8fd687dac615999470a60"},
    {file = "ephem-4.1.6-cp37-cp37m-win_amd64.whl", hash = "sha256:caf54dd4380cd8f3608f5f6b7b2c49c2ee9283d137645108e7b84d937253bd76"},
    {file = "ephem-4.1.6-cp38-cp38-macosx_10_9_x86_64.whl", hash = "sha256:280dce118df5a6f6db8d7008e364fc372dd371660ce38a2e50720dda23a626b5"},
    {file = "ephem-4.1.6-cp38-cp38-macosx_11_0_arm64.whl", hash = "sha256:ccd90dd03dca83da5aff36c40d0a98b054a4f038a325523d13ee32cd5579bcd2"},
    {file = "ephem-4.1.6-cp38-cp38-manylinux_2_12_i686.manylinux2010_i686.manylinux_2_17_i686.manylinux2014_i686.whl", hash = "sha256:6a2c1bf9a14ffb57d285429cacbcee4020aacde45f5e308bf38e76bfc5277069"},
    {file = "ephem-4.1.6-cp38-cp38-manylinux_2_17_aarch64.manylinux2014_aarch64.whl", hash = "sha256:df33cfa6a9d52e220234ee90b7be6bddc94966a8a1ec04bf3bafd509e69d5e09"},
    {file = "ephem-4.1.6-cp38-cp38-manylinux_2_17_s390x.manylinux2014_s390x.whl", hash = "sha256:6c0b4d36b5fc7f63cabba9fc2ddb5aae79b2e5ade61cbf4a5cdea13d04777044"},
    {file = "ephem-4.1.6-cp38-cp38-manylinux_2_17_x86_64.manylinux2014_x86_64.whl", hash = "sha256:79363f46c58326473fc098bb1d60fd8befdc28a17d947bdf61b00e59c81b92db"},
    {file = "ephem-4.1.6-cp38-cp38-musllinux_1_2_aarch64.whl", hash = "sha256:47b00beff64513eab7cf4cbfcbc6a99153ead4c4729438fd89d866bcda0d85a8"},
    {file = "ephem-4.1.6-cp38-cp38-musllinux_1_2_i686.whl", hash = "sha256:3a9e0bbc6ee9b4bb8d3827c9a78ed0dfb04beffb22e660dab3784d1f4325679d"},
    {file = "ephem-4.1.6-cp38-cp38-musllinux_1_2_s390x.whl", hash = "sha256:b378c8b76c3c667d0eabb2afa7d21b0ced7539cce6d6752bfa25cf60d4d16b9d"},
    {file = "ephem-4.1.6-cp38-cp38-musllinux_1_2_x86_64.whl", hash = "sha256:f06df5eca050570cee31a8e79b7f53fe5ec2dd4a36c46c5fdc196385ba501142"},
    {file = "ephem-4.1.6-cp38-cp38-win32.whl", hash = "sha256:79fbe1690890d6592c519fafcd4316974a35ae94b53b63fb09d0c24ab7c7aeb4"},
    {file = "ephem-4.1.6-cp38-cp38-win_amd64.whl", hash = "sha256:2a043109f6423d42818350f56823e8a916ca7c8eb80448d4cab3f95f7a921d9b"},
    {file = "ephem-4.1.6-cp39-cp39-macosx_10_9_x86_64.whl", hash = "sha256:72a668488fe686ddd547f7bad16c603bd5a7023590f9de839a37944ffa3f1bab"},
    {file = "ephem-4.1.6-cp39-cp39-macosx_11_0_arm64.whl", hash = "sha256:7e97c0bd49324070be078c9452243c52ad916f9535eb16f0ce65cd81a794e043"},
    {file = "ephem-4.1.6-cp39-cp39-manylinux_2_12_i686.manylinux2010_i686.manylinux_2_17_i686.manylinux2014_i686.whl", hash = "sha256:32418a03b8a71469cefce485cc830cbdde3b9ad6ca19c6a8037a1b9d0062fa4c"},
    {file = "ephem-4.1.6-cp39-cp39-manylinux_2_17_aarch64.manylinux2014_aarch64.whl", hash = "sha256:b85713e1f3e0483265b1d2ca4fe6e84748296a6e433bee0300b051001eacfd8f"},
    {file = "ephem-4.1.6-cp39-cp39-manylinux_2_17_s390x.manylinux2014_s390x.whl", hash = "sha256:c37679e29ee9bcd4d7736dc539c649691829e4b63e54e2a73ebeffa29d2d3fa3"},
    {file = "ephem-4.1.6-cp39-cp39-manylinux_2_17_x86_64.manylinux2014_x86_64.whl", hash = "sha256:07f9dfdb97cde8cb88bf1dcc0b0d61a5645c7d70217ca69b6abc1e52b73b5f3f"},
    {file = "ephem-4.1.6-cp39-cp39-musllinux_1_2_aarch64.whl", hash = "sha256:1facb28a6dc2b1b00d8165da27549468891821fc4601f36d3ca03db33ec7e846"},
    {file = "ephem-4.1.6-cp39-cp39-musllinux_1_2_i686.whl", hash = "sha256:2508ff1f12e1c4c811a16264ba8bd49ad6e47f469fd9a16ffb1ca1be924614dd"},
    {file = "ephem-4.1.6-cp39-cp39-musllinux_1_2_s390x.whl", hash = "sha256:d746197ba01372e5ce72444936d70d9ef0016584a7af3a02f746b74a541ab2cc"},
    {file = "ephem-4.1.6-cp39-cp39-musllinux_1_2_x86_64.whl", hash = "sha256:ae8a61a973152abb78025c7d763a206ee9f996f8de0f522787eda5b718d6788a"},
    {file = "ephem-4.1.6-cp39-cp39-win32.whl", hash = "sha256:d134740e75613902ce891331c29324866e502f3ed0b983061b0f5f1f4683aed3"},
    {file = "ephem-4.1.6-cp39-cp39-win_amd64.whl", hash = "sha256:c24120e48ecfa86f8fe04a200314a6de5a68663234a0da9f927b7e5143bc3d3b"},
    {file = "ephem-4.1.6.tar.gz", hash = "sha256:0ed2e4ea76f9db3eede2204adab8af3f1708201c7c04ee8511e710a54ca6425f"},
]

[[package]]
name = "freezegun"
version = "1.5.1"
description = "Let your Python tests travel through time"
optional = false
python-versions = ">=3.7"
files = [
    {file = "freezegun-1.5.1-py3-none-any.whl", hash = "sha256:bf111d7138a8abe55ab48a71755673dbaa4ab87f4cff5634a4442dfec34c15f1"},
    {file = "freezegun-1.5.1.tar.gz", hash = "sha256:b29dedfcda6d5e8e083ce71b2b542753ad48cfec44037b3fc79702e2980a89e9"},
]

[package.dependencies]
python-dateutil = ">=2.7"

[[package]]
name = "iniconfig"
version = "2.0.0"
description = "brain-dead simple config-ini parsing"
optional = false
python-versions = ">=3.7"
files = [
    {file = "iniconfig-2.0.0-py3-none-any.whl", hash = "sha256:b6a85871a79d2e3b22d2d1b94ac2824226a63c6b741c88f7ae975f18b6778374"},
    {file = "iniconfig-2.0.0.tar.gz", hash = "sha256:2d91e135bf72d31a410b17c16da610a82cb55f6b0477d1a902134b24a455b8b3"},
]

[[package]]
name = "isort"
version = "5.13.2"
description = "A Python utility / library to sort Python imports."
optional = false
python-versions = ">=3.8.0"
files = [
    {file = "isort-5.13.2-py3-none-any.whl", hash = "sha256:8ca5e72a8d85860d5a3fa69b8745237f2939afe12dbf656afbcb47fe72d947a6"},
    {file = "isort-5.13.2.tar.gz", hash = "sha256:48fdfcb9face5d58a4f6dde2e72a1fb8dcaf8ab26f95ab49fab84c2ddefb0109"},
]

[package.extras]
colors = ["colorama (>=0.4.6)"]

[[package]]
name = "markdown-it-py"
version = "3.0.0"
description = "Python port of markdown-it. Markdown parsing, done right!"
optional = false
python-versions = ">=3.8"
files = [
    {file = "markdown-it-py-3.0.0.tar.gz", hash = "sha256:e3f60a94fa066dc52ec76661e37c851cb232d92f9886b15cb560aaada2df8feb"},
    {file = "markdown_it_py-3.0.0-py3-none-any.whl", hash = "sha256:355216845c60bd96232cd8d8c40e8f9765cc86f46880e43a8fd22dc1a1a8cab1"},
]

[package.dependencies]
mdurl = ">=0.1,<1.0"

[package.extras]
benchmarking = ["psutil", "pytest", "pytest-benchmark"]
code-style = ["pre-commit (>=3.0,<4.0)"]
compare = ["commonmark (>=0.9,<1.0)", "markdown (>=3.4,<4.0)", "mistletoe (>=1.0,<2.0)", "mistune (>=2.0,<3.0)", "panflute (>=2.3,<3.0)"]
linkify = ["linkify-it-py (>=1,<3)"]
plugins = ["mdit-py-plugins"]
profiling = ["gprof2dot"]
rtd = ["jupyter_sphinx", "mdit-py-plugins", "myst-parser", "pyyaml", "sphinx", "sphinx-copybutton", "sphinx-design", "sphinx_book_theme"]
testing = ["coverage", "pytest", "pytest-cov", "pytest-regressions"]

[[package]]
name = "mdurl"
version = "0.1.2"
description = "Markdown URL utilities"
optional = false
python-versions = ">=3.7"
files = [
    {file = "mdurl-0.1.2-py3-none-any.whl", hash = "sha256:84008a41e51615a49fc9966191ff91509e3c40b939176e643fd50a5c2196b8f8"},
    {file = "mdurl-0.1.2.tar.gz", hash = "sha256:bb413d29f5eea38f31dd4754dd7377d4465116fb207585f97bf925588687c1ba"},
]

[[package]]
name = "mypy-extensions"
version = "1.0.0"
description = "Type system extensions for programs checked with the mypy type checker."
optional = false
python-versions = ">=3.5"
files = [
    {file = "mypy_extensions-1.0.0-py3-none-any.whl", hash = "sha256:4392f6c0eb8a5668a69e23d168ffa70f0be9ccfd32b5cc2d26a34ae5b844552d"},
    {file = "mypy_extensions-1.0.0.tar.gz", hash = "sha256:75dbf8955dc00442a438fc4d0666508a9a97b6bd41aa2f0ffe9d2f2725af0782"},
]

[[package]]
name = "packaging"
version = "24.2"
description = "Core utilities for Python packages"
optional = false
python-versions = ">=3.8"
files = [
    {file = "packaging-24.2-py3-none-any.whl", hash = "sha256:09abb1bccd265c01f4a3aa3f7a7db064b36514d2cba19a2f694fe6150451a759"},
    {file = "packaging-24.2.tar.gz", hash = "sha256:c228a6dc5e932d346bc5739379109d49e8853dd8223571c7c5b55260edc0b97f"},
]

[[package]]
name = "pathspec"
version = "0.12.1"
description = "Utility library for gitignore style pattern matching of file paths."
optional = false
python-versions = ">=3.8"
files = [
    {file = "pathspec-0.12.1-py3-none-any.whl", hash = "sha256:a0d503e138a4c123b27490a4f7beda6a01c6f288df0e4a8b79c7eb0dc7b4cc08"},
    {file = "pathspec-0.12.1.tar.gz", hash = "sha256:a482d51503a1ab33b1c67a6c3813a26953dbdc71c31dacaef9a838c4e29f5712"},
]

[[package]]
name = "phue"
version = "1.1"
description = "A Philips Hue Python library"
optional = false
python-versions = "*"
files = [
    {file = "phue-1.1.tar.gz", hash = "sha256:61facc991a2ead1d727df8513d06ce089033489b6dca09be093db24f7cdb8874"},
]

[[package]]
name = "platformdirs"
version = "4.3.6"
description = "A small Python package for determining appropriate platform-specific dirs, e.g. a `user data dir`."
optional = false
python-versions = ">=3.8"
files = [
    {file = "platformdirs-4.3.6-py3-none-any.whl", hash = "sha256:73e575e1408ab8103900836b97580d5307456908a03e92031bab39e4554cc3fb"},
    {file = "platformdirs-4.3.6.tar.gz", hash = "sha256:357fb2acbc885b0419afd3ce3ed34564c13c9b95c89360cd9563f73aa5e2b907"},
]

[package.extras]
docs = ["furo (>=2024.8.6)", "proselint (>=0.14)", "sphinx (>=8.0.2)", "sphinx-autodoc-typehints (>=2.4)"]
test = ["appdirs (==1.4.4)", "covdefaults (>=2.3)", "pytest (>=8.3.2)", "pytest-cov (>=5)", "pytest-mock (>=3.14)"]
type = ["mypy (>=1.11.2)"]

[[package]]
name = "pluggy"
version = "1.5.0"
description = "plugin and hook calling mechanisms for python"
optional = false
python-versions = ">=3.8"
files = [
    {file = "pluggy-1.5.0-py3-none-any.whl", hash = "sha256:44e1ad92c8ca002de6377e165f3e0f1be63266ab4d554740532335b9d75ea669"},
    {file = "pluggy-1.5.0.tar.gz", hash = "sha256:2cffa88e94fdc978c4c574f15f9e59b7f4201d439195c3715ca9e2486f1d0cf1"},
]

[package.extras]
dev = ["pre-commit", "tox"]
testing = ["pytest", "pytest-benchmark"]

[[package]]
name = "pygments"
version = "2.19.1"
description = "Pygments is a syntax highlighting package written in Python."
optional = false
python-versions = ">=3.8"
files = [
    {file = "pygments-2.19.1-py3-none-any.whl", hash = "sha256:9ea1544ad55cecf4b8242fab6dd35a93bbce657034b0611ee383099054ab6d8c"},
    {file = "pygments-2.19.1.tar.gz", hash = "sha256:61c16d2a8576dc0649d9f39e089b5f02bcd27fba10d8fb4dcc28173f7a45151f"},
]

[package.extras]
windows-terminal = ["colorama (>=0.4.6)"]

[[package]]
name = "pytest"
version = "8.3.4"
description = "pytest: simple powerful testing with Python"
optional = false
python-versions = ">=3.8"
files = [
    {file = "pytest-8.3.4-py3-none-any.whl", hash = "sha256:50e16d954148559c9a74109af1eaf0c945ba2d8f30f0a3d3335edde19788b6f6"},
    {file = "pytest-8.3.4.tar.gz", hash = "sha256:965370d062bce11e73868e0335abac31b4d3de0e82f4007408d242b4f8610761"},
]

[package.dependencies]
colorama = {version = "*", markers = "sys_platform == \"win32\""}
iniconfig = "*"
packaging = "*"
pluggy = ">=1.5,<2"

[package.extras]
dev = ["argcomplete", "attrs (>=19.2)", "hypothesis (>=3.56)", "mock", "pygments (>=2.7.2)", "requests", "setuptools", "xmlschema"]

[[package]]
name = "pytest-cov"
version = "6.0.0"
description = "Pytest plugin for measuring coverage."
optional = false
python-versions = ">=3.9"
files = [
    {file = "pytest-cov-6.0.0.tar.gz", hash = "sha256:fde0b595ca248bb8e2d76f020b465f3b107c9632e6a1d1705f17834c89dcadc0"},
    {file = "pytest_cov-6.0.0-py3-none-any.whl", hash = "sha256:eee6f1b9e61008bd34975a4d5bab25801eb31898b032dd55addc93e96fcaaa35"},
]

[package.dependencies]
coverage = {version = ">=7.5", extras = ["toml"]}
pytest = ">=4.6"

[package.extras]
testing = ["fields", "hunter", "process-tests", "pytest-xdist", "virtualenv"]

[[package]]
name = "pytest-freezer"
version = "0.4.9"
description = "Pytest plugin providing a fixture interface for spulec/freezegun"
optional = false
python-versions = ">=3.6"
files = [
    {file = "pytest_freezer-0.4.9-py3-none-any.whl", hash = "sha256:8b6c50523b7d4aec4590b52bfa5ff766d772ce506e2bf4846c88041ea9ccae59"},
    {file = "pytest_freezer-0.4.9.tar.gz", hash = "sha256:21bf16bc9cc46bf98f94382c4b5c3c389be7056ff0be33029111ae11b3f1c82a"},
]

[package.dependencies]
freezegun = ">=1.1"
pytest = ">=3.6"

[[package]]
name = "pytest-mock"
version = "3.14.0"
description = "Thin-wrapper around the mock package for easier use with pytest"
optional = false
python-versions = ">=3.8"
files = [
    {file = "pytest-mock-3.14.0.tar.gz", hash = "sha256:2719255a1efeceadbc056d6bf3df3d1c5015530fb40cf347c0f9afac88410bd0"},
    {file = "pytest_mock-3.14.0-py3-none-any.whl", hash = "sha256:0b72c38033392a5f4621342fe11e9219ac11ec9d375f8e2a0c164539e0d70f6f"},
]

[package.dependencies]
pytest = ">=6.2.5"

[package.extras]
dev = ["pre-commit", "pytest-asyncio", "tox"]

[[package]]
name = "python-dateutil"
version = "2.9.0.post0"
description = "Extensions to the standard Python datetime module"
optional = false
python-versions = "!=3.0.*,!=3.1.*,!=3.2.*,>=2.7"
files = [
    {file = "python-dateutil-2.9.0.post0.tar.gz", hash = "sha256:37dd54208da7e1cd875388217d5e00ebd4179249f90fb72437e91a35459a0ad3"},
    {file = "python_dateutil-2.9.0.post0-py2.py3-none-any.whl", hash = "sha256:a8b2bc7bffae282281c8140a97d3aa9c14da0b136dfe83f850eea9a5f7470427"},
]

[package.dependencies]
six = ">=1.5"

[[package]]
name = "python-dotenv"
version = "1.0.1"
description = "Read key-value pairs from a .env file and set them as environment variables"
optional = false
python-versions = ">=3.8"
files = [
    {file = "python-dotenv-1.0.1.tar.gz", hash = "sha256:e324ee90a023d808f1959c46bcbc04446a10ced277783dc6ee09987c37ec10ca"},
    {file = "python_dotenv-1.0.1-py3-none-any.whl", hash = "sha256:f7b63ef50f1b690dddf550d03497b66d609393b40b564ed0d674909a68ebf16a"},
]

[package.extras]
cli = ["click (>=5.0)"]

[[package]]
name = "rich"
version = "13.9.4"
description = "Render rich text, tables, progress bars, syntax highlighting, markdown and more to the terminal"
optional = false
python-versions = ">=3.8.0"
files = [
    {file = "rich-13.9.4-py3-none-any.whl", hash = "sha256:6049d5e6ec054bf2779ab3358186963bac2ea89175919d699e378b99738c2a90"},
    {file = "rich-13.9.4.tar.gz", hash = "sha256:439594978a49a09530cff7ebc4b5c7103ef57baf48d5ea3184f21d9a2befa098"},
]

[package.dependencies]
markdown-it-py = ">=2.2.0"
pygments = ">=2.13.0,<3.0.0"

[package.extras]
jupyter = ["ipywidgets (>=7.5.1,<9)"]

[[package]]
name = "rich-click"
version = "1.8.5"
description = "Format click help output nicely with rich"
optional = false
python-versions = ">=3.7"
files = [
    {file = "rich_click-1.8.5-py3-none-any.whl", hash = "sha256:0fab7bb5b66c15da17c210b4104277cd45f3653a7322e0098820a169880baee0"},
    {file = "rich_click-1.8.5.tar.gz", hash = "sha256:a3eebe81da1c9da3c32f3810017c79bd687ff1b3fa35bfc9d8a3338797f1d1a1"},
]

[package.dependencies]
click = ">=7"
rich = ">=10.7"
typing_extensions = ">=4"

[package.extras]
dev = ["mypy", "packaging", "pre-commit", "pytest", "pytest-cov", "rich-codex", "ruff", "types-setuptools"]
docs = ["markdown_include", "mkdocs", "mkdocs-glightbox", "mkdocs-material-extensions", "mkdocs-material[imaging] (>=9.5.18,<9.6.0)", "mkdocs-rss-plugin", "mkdocstrings[python]", "rich-codex"]

[[package]]
name = "six"
version = "1.17.0"
description = "Python 2 and 3 compatibility utilities"
optional = false
python-versions = "!=3.0.*,!=3.1.*,!=3.2.*,>=2.7"
files = [
    {file = "six-1.17.0-py2.py3-none-any.whl", hash = "sha256:4721f391ed90541fddacab5acf947aa0d3dc7d27b2e1e8eda2be8970586c3274"},
    {file = "six-1.17.0.tar.gz", hash = "sha256:ff70335d468e7eb6ec65b95b99d3a2836546063f63acc5171de367e834932a81"},
]

[[package]]
name = "typing-extensions"
version = "4.12.2"
description = "Backported and Experimental Type Hints for Python 3.8+"
optional = false
python-versions = ">=3.8"
files = [
    {file = "typing_extensions-4.12.2-py3-none-any.whl", hash = "sha256:04e5ca0351e0f3f85c6853954072df659d0d13fac324d0072316b67d7794700d"},
    {file = "typing_extensions-4.12.2.tar.gz", hash = "sha256:1a7ead55c7e559dd4dee8856e3a88b41225abfe1ce8df57b7c13915fe121ffb8"},
]

[metadata]
lock-version = "2.0"
python-versions = "~3.13"
content-hash = "b751d64ba0fee0bc93f364f5396bed8ba9d79a06599c46c4892cbd15b19d5835"
